
Microsoft Visual Studio Solution File, Format Version 12.00
# Visual Studio Version 17
VisualStudioVersion = 17.3.32929.385
MinimumVisualStudioVersion = 10.0.40219.1
Project("{8BC9CEB8-8B4A-11D0-8D11-00A0C91BC942}") = "Ardent Passion Chapter 04", "Ardent Passion Chapter 04\Ardent Passion Chapter 04.vcxproj", "{D1D40EB3-86AC-4469-ADD5-B2F109E8283F}"
EndProject
Global
	GlobalSection(SolutionConfigurationPlatforms) = preSolution
		Debug|x64 = Debug|x64
		Debug|x86 = Debug|x86
		Release|x64 = Release|x64
		Release|x86 = Release|x86
	EndGlobalSection
	GlobalSection(ProjectConfigurationPlatforms) = postSolution
		{D1D40EB3-86AC-4469-ADD5-B2F109E8283F}.Debug|x64.ActiveCfg = Debug|x64
		{D1D40EB3-86AC-4469-ADD5-B2F109E8283F}.Debug|x64.Build.0 = Debug|x64
		{D1D40EB3-86AC-4469-ADD5-B2F109E8283F}.Debug|x86.ActiveCfg = Debug|Win32
		{D1D40EB3-86AC-4469-ADD5-B2F109E8283F}.Debug|x86.Build.0 = Debug|Win32
		{D1D40EB3-86AC-4469-ADD5-B2F109E8283F}.Release|x64.ActiveCfg = Release|x64
		{D1D40EB3-86AC-4469-ADD5-B2F109E8283F}.Release|x64.Build.0 = Release|x64
		{D1D40EB3-86AC-4469-ADD5-B2F109E8283F}.Release|x86.ActiveCfg = Release|Win32
		{D1D40EB3-86AC-4469-ADD5-B2F109E8283F}.Release|x86.Build.0 = Release|Win32
	EndGlobalSection
	GlobalSection(SolutionProperties) = preSolution
		HideSolutionNode = FALSE
	EndGlobalSection
	GlobalSection(ExtensibilityGlobals) = postSolution
		SolutionGuid = {7822976C-156B-4C03-BE61-6B1796D7AD50}
	EndGlobalSection
EndGlobal
