
Microsoft Visual Studio Solution File, Format Version 12.00
# Visual Studio Version 17
VisualStudioVersion = 17.3.32929.385
MinimumVisualStudioVersion = 10.0.40219.1
Project("{8BC9CEB8-8B4A-11D0-8D11-00A0C91BC942}") = "Ardent Passion Chapter 03", "Ardent Passion Chapter 03\Ardent Passion Chapter 03.vcxproj", "{187B973F-A631-4E07-A46E-5A54112B517B}"
EndProject
Global
	GlobalSection(SolutionConfigurationPlatforms) = preSolution
		Debug|x64 = Debug|x64
		Debug|x86 = Debug|x86
		Release|x64 = Release|x64
		Release|x86 = Release|x86
	EndGlobalSection
	GlobalSection(ProjectConfigurationPlatforms) = postSolution
		{187B973F-A631-4E07-A46E-5A54112B517B}.Debug|x64.ActiveCfg = Debug|x64
		{187B973F-A631-4E07-A46E-5A54112B517B}.Debug|x64.Build.0 = Debug|x64
		{187B973F-A631-4E07-A46E-5A54112B517B}.Debug|x86.ActiveCfg = Debug|Win32
		{187B973F-A631-4E07-A46E-5A54112B517B}.Debug|x86.Build.0 = Debug|Win32
		{187B973F-A631-4E07-A46E-5A54112B517B}.Release|x64.ActiveCfg = Release|x64
		{187B973F-A631-4E07-A46E-5A54112B517B}.Release|x64.Build.0 = Release|x64
		{187B973F-A631-4E07-A46E-5A54112B517B}.Release|x86.ActiveCfg = Release|Win32
		{187B973F-A631-4E07-A46E-5A54112B517B}.Release|x86.Build.0 = Release|Win32
	EndGlobalSection
	GlobalSection(SolutionProperties) = preSolution
		HideSolutionNode = FALSE
	EndGlobalSection
	GlobalSection(ExtensibilityGlobals) = postSolution
		SolutionGuid = {00A9694F-C0CD-486C-93DC-DCDC39005E48}
	EndGlobalSection
EndGlobal
