
Microsoft Visual Studio Solution File, Format Version 12.00
# Visual Studio Version 17
VisualStudioVersion = 17.4.33205.214
MinimumVisualStudioVersion = 10.0.40219.1
Project("{8BC9CEB8-8B4A-11D0-8D11-00A0C91BC942}") = "Ardent Passion Chapter 11", "Ardent Passion Chapter 11.vcxproj", "{0413AA42-762B-4E48-94C8-10851D849D64}"
EndProject
Global
	GlobalSection(SolutionConfigurationPlatforms) = preSolution
		Debug|x64 = Debug|x64
		Debug|x86 = Debug|x86
		Release|x64 = Release|x64
		Release|x86 = Release|x86
	EndGlobalSection
	GlobalSection(ProjectConfigurationPlatforms) = postSolution
		{0413AA42-762B-4E48-94C8-10851D849D64}.Debug|x64.ActiveCfg = Debug|x64
		{0413AA42-762B-4E48-94C8-10851D849D64}.Debug|x64.Build.0 = Debug|x64
		{0413AA42-762B-4E48-94C8-10851D849D64}.Debug|x86.ActiveCfg = Debug|Win32
		{0413AA42-762B-4E48-94C8-10851D849D64}.Debug|x86.Build.0 = Debug|Win32
		{0413AA42-762B-4E48-94C8-10851D849D64}.Release|x64.ActiveCfg = Release|x64
		{0413AA42-762B-4E48-94C8-10851D849D64}.Release|x64.Build.0 = Release|x64
		{0413AA42-762B-4E48-94C8-10851D849D64}.Release|x86.ActiveCfg = Release|Win32
		{0413AA42-762B-4E48-94C8-10851D849D64}.Release|x86.Build.0 = Release|Win32
	EndGlobalSection
	GlobalSection(SolutionProperties) = preSolution
		HideSolutionNode = FALSE
	EndGlobalSection
	GlobalSection(ExtensibilityGlobals) = postSolution
		SolutionGuid = {B8BF2E33-BFE2-4368-BFA2-AED2F06AD08A}
	EndGlobalSection
EndGlobal
